
Microsoft Visual Studio Solution File, Format Version 12.00
# Visual Studio Express 2012 for Windows Desktop
Project("{FAE04EC0-301F-11D3-BF4B-00C04F79EFBC}") = "Sublime", "Sublime.csproj", "{58A245BF-D3E4-4C70-BD78-F9B55B29B8F9}"
EndProject
Global
	GlobalSection(SolutionConfigurationPlatforms) = preSolution
		Debug|Any CPU = Debug|Any CPU
		Release|Any CPU = Release|Any CPU
	EndGlobalSection
	GlobalSection(ProjectConfigurationPlatforms) = postSolution
		{58A245BF-D3E4-4C70-BD78-F9B55B29B8F9}.Debug|Any CPU.ActiveCfg = Debug|Any CPU
		{58A245BF-D3E4-4C70-BD78-F9B55B29B8F9}.Debug|Any CPU.Build.0 = Debug|Any CPU
		{58A245BF-D3E4-4C70-BD78-F9B55B29B8F9}.Release|Any CPU.ActiveCfg = Release|Any CPU
		{58A245BF-D3E4-4C70-BD78-F9B55B29B8F9}.Release|Any CPU.Build.0 = Release|Any CPU
	EndGlobalSection
	GlobalSection(SolutionProperties) = preSolution
		HideSolutionNode = FALSE
	EndGlobalSection
EndGlobal
